
Microsoft Visual Studio Solution File, Format Version 12.00
# Visual Studio Version 18
VisualStudioVersion = 18.0.11010.61
MinimumVisualStudioVersion = 10.0.40219.1
Project("{9A19103F-16F7-4668-BE54-9A1E7A4F7556}") = "sizoscopeX.Core", "sizoscopeX.Core\sizoscopeX.Core.csproj", "{67B7AFF9-A81C-41AB-97BB-752EA54B2004}"
EndProject
Project("{FAE04EC0-301F-11D3-BF4B-00C04F79EFBC}") = "sizoscopeX.Desktop", "sizoscopeX.Desktop\sizoscopeX.Desktop.csproj", "{1B687D3C-1725-4147-B596-E43AF1260D3B}"
EndProject
Project("{FAE04EC0-301F-11D3-BF4B-00C04F79EFBC}") = "sizoscopeX.Browser", "sizoscopeX.Browser\sizoscopeX.Browser.csproj", "{2DE62C93-02FC-4F70-88D4-84154C157283}"
EndProject
Project("{2150E333-8FDC-42A3-9474-1A3956D46DE8}") = "ソリューション項目", "ソリューション項目", "{60EB86DF-F6D3-4C47-9A57-C51A19C460AE}"
	ProjectSection(SolutionItems) = preProject
		.gitignore = .gitignore
		Directory.Packages.props = Directory.Packages.props
		.github\workflows\dotnet.yml = .github\workflows\dotnet.yml
		nuget.config = nuget.config
		README.md = README.md
	EndProjectSection
EndProject
Project("{FAE04EC0-301F-11D3-BF4B-00C04F79EFBC}") = "Avalonia.Browser", "Avalonia.Browser\Avalonia.Browser.csproj", "{276F1E02-A38C-4D5D-AFCF-6C905DABFB1F}"
EndProject
Global
	GlobalSection(SolutionConfigurationPlatforms) = preSolution
		Debug|Any CPU = Debug|Any CPU
		Release|Any CPU = Release|Any CPU
	EndGlobalSection
	GlobalSection(ProjectConfigurationPlatforms) = postSolution
		{67B7AFF9-A81C-41AB-97BB-752EA54B2004}.Debug|Any CPU.ActiveCfg = Debug|Any CPU
		{67B7AFF9-A81C-41AB-97BB-752EA54B2004}.Debug|Any CPU.Build.0 = Debug|Any CPU
		{67B7AFF9-A81C-41AB-97BB-752EA54B2004}.Release|Any CPU.ActiveCfg = Release|Any CPU
		{67B7AFF9-A81C-41AB-97BB-752EA54B2004}.Release|Any CPU.Build.0 = Release|Any CPU
		{1B687D3C-1725-4147-B596-E43AF1260D3B}.Debug|Any CPU.ActiveCfg = Debug|Any CPU
		{1B687D3C-1725-4147-B596-E43AF1260D3B}.Debug|Any CPU.Build.0 = Debug|Any CPU
		{1B687D3C-1725-4147-B596-E43AF1260D3B}.Release|Any CPU.ActiveCfg = Release|Any CPU
		{1B687D3C-1725-4147-B596-E43AF1260D3B}.Release|Any CPU.Build.0 = Release|Any CPU
		{2DE62C93-02FC-4F70-88D4-84154C157283}.Debug|Any CPU.ActiveCfg = Debug|Any CPU
		{2DE62C93-02FC-4F70-88D4-84154C157283}.Debug|Any CPU.Build.0 = Debug|Any CPU
		{2DE62C93-02FC-4F70-88D4-84154C157283}.Release|Any CPU.ActiveCfg = Release|Any CPU
		{2DE62C93-02FC-4F70-88D4-84154C157283}.Release|Any CPU.Build.0 = Release|Any CPU
		{276F1E02-A38C-4D5D-AFCF-6C905DABFB1F}.Debug|Any CPU.ActiveCfg = Debug|Any CPU
		{276F1E02-A38C-4D5D-AFCF-6C905DABFB1F}.Debug|Any CPU.Build.0 = Debug|Any CPU
		{276F1E02-A38C-4D5D-AFCF-6C905DABFB1F}.Release|Any CPU.ActiveCfg = Release|Any CPU
		{276F1E02-A38C-4D5D-AFCF-6C905DABFB1F}.Release|Any CPU.Build.0 = Release|Any CPU
	EndGlobalSection
	GlobalSection(SolutionProperties) = preSolution
		HideSolutionNode = FALSE
	EndGlobalSection
	GlobalSection(ExtensibilityGlobals) = postSolution
		SolutionGuid = {0AC53B8C-7420-4E77-BF79-79887383FD4D}
	EndGlobalSection
EndGlobal
